PODS:
  - FlutterMacOS (1.0.0)
  - rhttp (0.0.1):
    - FlutterMacOS
  - screen_retriever_macos (0.0.1):
    - FlutterMacOS

DEPENDENCIES:
  - FlutterMacOS (from `Flutter/ephemeral`)
  - rhttp (from `Flutter/ephemeral/.symlinks/plugins/rhttp/macos`)
  - screen_retriever_macos (from `Flutter/ephemeral/.symlinks/plugins/screen_retriever_macos/macos`)

EXTERNAL SOURCES:
  FlutterMacOS:
    :path: Flutter/ephemeral
  rhttp:
    :path: Flutter/ephemeral/.symlinks/plugins/rhttp/macos
  screen_retriever_macos:
    :path: Flutter/ephemeral/.symlinks/plugins/screen_retriever_macos/macos

SPEC CHECKSUMS:
  FlutterMacOS: d0db08ddef1a9af05a5ec4b724367152bb0500b1
  rhttp: 08d791d6373089de796318f4cfb172cbcf34e78b
  screen_retriever_macos: 452e51764a9e1cdb74b3c541238795849f21557f

PODFILE CHECKSUM: 9ebaf0ce3d369aaa26a9ea0e159195ed94724cf3

COCOAPODS: 1.16.2
